
Microsoft Visual Studio Solution File, Format Version 12.00
# Visual Studio Version 16
VisualStudioVersion = 16.0.31624.102
MinimumVisualStudioVersion = 10.0.40219.1
Project("{FAE04EC0-301F-11D3-BF4B-00C04F79EFBC}") = "assignment1", "assignment1\assignment1.csproj", "{34CAD15D-8A72-419A-B976-DE587E16945B}"
EndProject
Project("{FAE04EC0-301F-11D3-BF4B-00C04F79EFBC}") = "assignment2", "assignment2\assignment2.csproj", "{48612C8E-A2B3-40E7-9CB0-D1700AC9CB16}"
EndProject
Project("{FAE04EC0-301F-11D3-BF4B-00C04F79EFBC}") = "assignment3", "assignment3\assignment3.csproj", "{AB7F1C63-4CDE-4FC8-BA42-64B61B8E0680}"
EndProject
Project("{FAE04EC0-301F-11D3-BF4B-00C04F79EFBC}") = "assignment4", "assignment4\assignment4.csproj", "{6A7C1F2C-E3E8-4028-8FBE-3B118FF26665}"
EndProject
Project("{FAE04EC0-301F-11D3-BF4B-00C04F79EFBC}") = "assignment5", "assignment5\assignment5.csproj", "{3D03A762-A251-4F64-973E-08600C6428FF}"
EndProject
Project("{9A19103F-16F7-4668-BE54-9A1E7A4F7556}") = "assignment6", "assignment6\assignment6.csproj", "{1A834C6E-6F46-44AF-8BD7-8063C03F8DC0}"
EndProject
Project("{FAE04EC0-301F-11D3-BF4B-00C04F79EFBC}") = "assignment7", "assignment7\assignment7.csproj", "{0A155E24-F9F7-4A6A-B9F9-C743014D9594}"
EndProject
Project("{FAE04EC0-301F-11D3-BF4B-00C04F79EFBC}") = "assignment8", "assignment8\assignment8.csproj", "{23F7738B-FC3E-41B7-9647-575C6D1C023A}"
EndProject
Project("{FAE04EC0-301F-11D3-BF4B-00C04F79EFBC}") = "assignment9", "assignment9\assignment9.csproj", "{DBBCC0FB-1D28-404B-9BDA-47D174284042}"
EndProject
Project("{FAE04EC0-301F-11D3-BF4B-00C04F79EFBC}") = "assignment10", "assignment10\assignment10.csproj", "{8563E38F-71ED-4817-96FC-744042CE9D20}"
EndProject
Global
	GlobalSection(SolutionConfigurationPlatforms) = preSolution
		Debug|Any CPU = Debug|Any CPU
		Release|Any CPU = Release|Any CPU
	EndGlobalSection
	GlobalSection(ProjectConfigurationPlatforms) = postSolution
		{34CAD15D-8A72-419A-B976-DE587E16945B}.Debug|Any CPU.ActiveCfg = Debug|Any CPU
		{34CAD15D-8A72-419A-B976-DE587E16945B}.Debug|Any CPU.Build.0 = Debug|Any CPU
		{34CAD15D-8A72-419A-B976-DE587E16945B}.Release|Any CPU.ActiveCfg = Release|Any CPU
		{34CAD15D-8A72-419A-B976-DE587E16945B}.Release|Any CPU.Build.0 = Release|Any CPU
		{48612C8E-A2B3-40E7-9CB0-D1700AC9CB16}.Debug|Any CPU.ActiveCfg = Debug|Any CPU
		{48612C8E-A2B3-40E7-9CB0-D1700AC9CB16}.Debug|Any CPU.Build.0 = Debug|Any CPU
		{48612C8E-A2B3-40E7-9CB0-D1700AC9CB16}.Release|Any CPU.ActiveCfg = Release|Any CPU
		{48612C8E-A2B3-40E7-9CB0-D1700AC9CB16}.Release|Any CPU.Build.0 = Release|Any CPU
		{AB7F1C63-4CDE-4FC8-BA42-64B61B8E0680}.Debug|Any CPU.ActiveCfg = Debug|Any CPU
		{AB7F1C63-4CDE-4FC8-BA42-64B61B8E0680}.Debug|Any CPU.Build.0 = Debug|Any CPU
		{AB7F1C63-4CDE-4FC8-BA42-64B61B8E0680}.Release|Any CPU.ActiveCfg = Release|Any CPU
		{AB7F1C63-4CDE-4FC8-BA42-64B61B8E0680}.Release|Any CPU.Build.0 = Release|Any CPU
		{6A7C1F2C-E3E8-4028-8FBE-3B118FF26665}.Debug|Any CPU.ActiveCfg = Debug|Any CPU
		{6A7C1F2C-E3E8-4028-8FBE-3B118FF26665}.Debug|Any CPU.Build.0 = Debug|Any CPU
		{6A7C1F2C-E3E8-4028-8FBE-3B118FF26665}.Release|Any CPU.ActiveCfg = Release|Any CPU
		{6A7C1F2C-E3E8-4028-8FBE-3B118FF26665}.Release|Any CPU.Build.0 = Release|Any CPU
		{3D03A762-A251-4F64-973E-08600C6428FF}.Debug|Any CPU.ActiveCfg = Debug|Any CPU
		{3D03A762-A251-4F64-973E-08600C6428FF}.Debug|Any CPU.Build.0 = Debug|Any CPU
		{3D03A762-A251-4F64-973E-08600C6428FF}.Release|Any CPU.ActiveCfg = Release|Any CPU
		{3D03A762-A251-4F64-973E-08600C6428FF}.Release|Any CPU.Build.0 = Release|Any CPU
		{1A834C6E-6F46-44AF-8BD7-8063C03F8DC0}.Debug|Any CPU.ActiveCfg = Debug|Any CPU
		{1A834C6E-6F46-44AF-8BD7-8063C03F8DC0}.Debug|Any CPU.Build.0 = Debug|Any CPU
		{1A834C6E-6F46-44AF-8BD7-8063C03F8DC0}.Release|Any CPU.ActiveCfg = Release|Any CPU
		{1A834C6E-6F46-44AF-8BD7-8063C03F8DC0}.Release|Any CPU.Build.0 = Release|Any CPU
		{0A155E24-F9F7-4A6A-B9F9-C743014D9594}.Debug|Any CPU.ActiveCfg = Debug|Any CPU
		{0A155E24-F9F7-4A6A-B9F9-C743014D9594}.Debug|Any CPU.Build.0 = Debug|Any CPU
		{0A155E24-F9F7-4A6A-B9F9-C743014D9594}.Release|Any CPU.ActiveCfg = Release|Any CPU
		{0A155E24-F9F7-4A6A-B9F9-C743014D9594}.Release|Any CPU.Build.0 = Release|Any CPU
		{23F7738B-FC3E-41B7-9647-575C6D1C023A}.Debug|Any CPU.ActiveCfg = Debug|Any CPU
		{23F7738B-FC3E-41B7-9647-575C6D1C023A}.Debug|Any CPU.Build.0 = Debug|Any CPU
		{23F7738B-FC3E-41B7-9647-575C6D1C023A}.Release|Any CPU.ActiveCfg = Release|Any CPU
		{23F7738B-FC3E-41B7-9647-575C6D1C023A}.Release|Any CPU.Build.0 = Release|Any CPU
		{DBBCC0FB-1D28-404B-9BDA-47D174284042}.Debug|Any CPU.ActiveCfg = Debug|Any CPU
		{DBBCC0FB-1D28-404B-9BDA-47D174284042}.Debug|Any CPU.Build.0 = Debug|Any CPU
		{DBBCC0FB-1D28-404B-9BDA-47D174284042}.Release|Any CPU.ActiveCfg = Release|Any CPU
		{DBBCC0FB-1D28-404B-9BDA-47D174284042}.Release|Any CPU.Build.0 = Release|Any CPU
		{8563E38F-71ED-4817-96FC-744042CE9D20}.Debug|Any CPU.ActiveCfg = Debug|Any CPU
		{8563E38F-71ED-4817-96FC-744042CE9D20}.Debug|Any CPU.Build.0 = Debug|Any CPU
		{8563E38F-71ED-4817-96FC-744042CE9D20}.Release|Any CPU.ActiveCfg = Release|Any CPU
		{8563E38F-71ED-4817-96FC-744042CE9D20}.Release|Any CPU.Build.0 = Release|Any CPU
	EndGlobalSection
	GlobalSection(SolutionProperties) = preSolution
		HideSolutionNode = FALSE
	EndGlobalSection
	GlobalSection(ExtensibilityGlobals) = postSolution
		SolutionGuid = {137AC3F3-9D4E-4A25-8233-D4C872A4EA8B}
	EndGlobalSection
EndGlobal
